// !$*UTF8*$!
{
	archiveVersion = 1;
	classes = {
	};
	objectVersion = 46;
	objects = {

/* Begin PBXBuildFile section */
		82F0E5C31751EFF7008BEE09 /* UIKit.framework in Frameworks */ = {isa = PBXBuildFile; fileRef = 82F0E5C21751EFF7008BEE09 /* UIKit.framework */; };
		82F0E5C51751EFF7008BEE09 /* Foundation.framework in Frameworks */ = {isa = PBXBuildFile; fileRef = 82F0E5C41751EFF7008BEE09 /* Foundation.framework */; };
		82F0E5C71751EFF7008BEE09 /* CoreGraphics.framework in Frameworks */ = {isa = PBXBuildFile; fileRef = 82F0E5C61751EFF7008BEE09 /* CoreGraphics.framework */; };
		82F0E5CD1751EFF7008BEE09 /* InfoPlist.strings in Resources */ = {isa = PBXBuildFile; fileRef = 82F0E5CB1751EFF7008BEE09 /* InfoPlist.strings */; };
		82F0E5CF1751EFF7008BEE09 /* main.m in Sources */ = {isa = PBXBuildFile; fileRef = 82F0E5CE1751EFF7008BEE09 /* main.m */; };
		82F0E5D31751EFF7008BEE09 /* UTAppDelegate.m in Sources */ = {isa = PBXBuildFile; fileRef = 82F0E5D21751EFF7008BEE09 /* UTAppDelegate.m */; };
		82F0E5D51751EFF7008BEE09 /* Default.png in Resources */ = {isa = PBXBuildFile; fileRef = 82F0E5D41751EFF7008BEE09 /* Default.png */; };
		82F0E5D71751EFF7008BEE09 /* Default@2x.png in Resources */ = {isa = PBXBuildFile; fileRef = 82F0E5D61751EFF7008BEE09 /* Default@2x.png */; };
		82F0E5D91751EFF7008BEE09 /* Default-568h@2x.png in Resources */ = {isa = PBXBuildFile; fileRef = 82F0E5D81751EFF7008BEE09 /* Default-568h@2x.png */; };
		82F0E5DC1751EFF7008BEE09 /* UTViewController.m in Sources */ = {isa = PBXBuildFile; fileRef = 82F0E5DB1751EFF7008BEE09 /* UTViewController.m */; };
		82F0E5DF1751EFF7008BEE09 /* UTViewController.xib in Resources */ = {isa = PBXBuildFile; fileRef = 82F0E5DD1751EFF7008BEE09 /* UTViewController.xib */; };
/* End PBXBuildFile section */

/* Begin PBXFileReference section */
		82F0E5BF1751EFF7008BEE09 /* UTDemo03_practice.app */ = {isa = PBXFileReference; explicitFileType = wrapper.application; includeInIndex = 0; path = UTDemo03_practice.app; sourceTree = BUILT_PRODUCTS_DIR; };
		82F0E5C21751EFF7008BEE09 /* UIKit.framework */ = {isa = PBXFileReference; lastKnownFileType = wrapper.framework; name = UIKit.framework; path = System/Library/Frameworks/UIKit.framework; sourceTree = SDKROOT; };
		82F0E5C41751EFF7008BEE09 /* Foundation.framework */ = {isa = PBXFileReference; lastKnownFileType = wrapper.framework; name = Foundation.framework; path = System/Library/Frameworks/Foundation.framework; sourceTree = SDKROOT; };
		82F0E5C61751EFF7008BEE09 /* CoreGraphics.framework */ = {isa = PBXFileReference; lastKnownFileType = wrapper.framework; name = CoreGraphics.framework; path = System/Library/Frameworks/CoreGraphics.framework; sourceTree = SDKROOT; };
		82F0E5CA1751EFF7008BEE09 /* UTDemo03_practice-Info.plist */ = {isa = PBXFileReference; lastKnownFileType = text.plist.xml; path = "UTDemo03_practice-Info.plist"; sourceTree = "<group>"; };
		82F0E5CC1751EFF7008BEE09 /* en */ = {isa = PBXFileReference; lastKnownFileType = text.plist.strings; name = en; path = en.lproj/InfoPlist.strings; sourceTree = "<group>"; };
		82F0E5CE1751EFF7008BEE09 /* main.m */ = {isa = PBXFileReference; lastKnownFileType = sourcecode.c.objc; path = main.m; sourceTree = "<group>"; };
		82F0E5D01751EFF7008BEE09 /* UTDemo03_practice-Prefix.pch */ = {isa = PBXFileReference; lastKnownFileType = sourcecode.c.h; path = "UTDemo03_practice-Prefix.pch"; sourceTree = "<group>"; };
		82F0E5D11751EFF7008BEE09 /* UTAppDelegate.h */ = {isa = PBXFileReference; lastKnownFileType = sourcecode.c.h; path = UTAppDelegate.h; sourceTree = "<group>"; };
		82F0E5D21751EFF7008BEE09 /* UTAppDelegate.m */ = {isa = PBXFileReference; lastKnownFileType = sourcecode.c.objc; path = UTAppDelegate.m; sourceTree = "<group>"; };
		82F0E5D41751EFF7008BEE09 /* Default.png */ = {isa = PBXFileReference; lastKnownFileType = image.png; path = Default.png; sourceTree = "<group>"; };
		82F0E5D61751EFF7008BEE09 /* Default@2x.png */ = {isa = PBXFileReference; lastKnownFileType = image.png; path = "Default@2x.png"; sourceTree = "<group>"; };
		82F0E5D81751EFF7008BEE09 /* Default-568h@2x.png */ = {isa = PBXFileReference; lastKnownFileType = image.png; path = "Default-568h@2x.png"; sourceTree = "<group>"; };
		82F0E5DA1751EFF7008BEE09 /* UTViewController.h */ = {isa = PBXFileReference; lastKnownFileType = sourcecode.c.h; path = UTViewController.h; sourceTree = "<group>"; };
		82F0E5DB1751EFF7008BEE09 /* UTViewController.m */ = {isa = PBXFileReference; lastKnownFileType = sourcecode.c.objc; path = UTViewController.m; sourceTree = "<group>"; };
		82F0E5DE1751EFF7008BEE09 /* en */ = {isa = PBXFileReference; lastKnownFileType = file.xib; name = en; path = en.lproj/UTViewController.xib; sourceTree = "<group>"; };
/* End PBXFileReference section */

/* Begin PBXFrameworksBuildPhase section */
		82F0E5BC1751EFF7008BEE09 /* Frameworks */ = {
			isa = PBXFrameworksBuildPhase;
			buildActionMask = 2147483647;
			files = (
				82F0E5C31751EFF7008BEE09 /* UIKit.framework in Frameworks */,
				82F0E5C51751EFF7008BEE09 /* Foundation.framework in Frameworks */,
				82F0E5C71751EFF7008BEE09 /* CoreGraphics.framework in Frameworks */,
			);
			runOnlyForDeploymentPostprocessing = 0;
		};
/* End PBXFrameworksBuildPhase section */

/* Begin PBXGroup section */
		82F0E5B61751EFF7008BEE09 = {
			isa = PBXGroup;
			children = (
				82F0E5C81751EFF7008BEE09 /* UTDemo03_practice */,
				82F0E5C11751EFF7008BEE09 /* Frameworks */,
				82F0E5C01751EFF7008BEE09 /* Products */,
			);
			sourceTree = "<group>";
		};
		82F0E5C01751EFF7008BEE09 /* Products */ = {
			isa = PBXGroup;
			children = (
				82F0E5BF1751EFF7008BEE09 /* UTDemo03_practice.app */,
			);
			name = Products;
			sourceTree = "<group>";
		};
		82F0E5C11751EFF7008BEE09 /* Frameworks */ = {
			isa = PBXGroup;
			children = (
				82F0E5C21751EFF7008BEE09 /* UIKit.framework */,
				82F0E5C41751EFF7008BEE09 /* Foundation.framework */,
				82F0E5C61751EFF7008BEE09 /* CoreGraphics.framework */,
			);
			name = Frameworks;
			sourceTree = "<group>";
		};
		82F0E5C81751EFF7008BEE09 /* UTDemo03_practice */ = {
			isa = PBXGroup;
			children = (
				82F0E5D11751EFF7008BEE09 /* UTAppDelegate.h */,
				82F0E5D21751EFF7008BEE09 /* UTAppDelegate.m */,
				82F0E5DA1751EFF7008BEE09 /* UTViewController.h */,
				82F0E5DB1751EFF7008BEE09 /* UTViewController.m */,
				82F0E5DD1751EFF7008BEE09 /* UTViewController.xib */,
				82F0E5C91751EFF7008BEE09 /* Supporting Files */,
			);
			path = UTDemo03_practice;
			sourceTree = "<group>";
		};
		82F0E5C91751EFF7008BEE09 /* Supporting Files */ = {
			isa = PBXGroup;
			children = (
				82F0E5CA1751EFF7008BEE09 /* UTDemo03_practice-Info.plist */,
				82F0E5CB1751EFF7008BEE09 /* InfoPlist.strings */,
				82F0E5CE1751EFF7008BEE09 /* main.m */,
				82F0E5D01751EFF7008BEE09 /* UTDemo03_practice-Prefix.pch */,
				82F0E5D41751EFF7008BEE09 /* Default.png */,
				82F0E5D61751EFF7008BEE09 /* Default@2x.png */,
				82F0E5D81751EFF7008BEE09 /* Default-568h@2x.png */,
			);
			name = "Supporting Files";
			sourceTree = "<group>";
		};
/* End PBXGroup section */

/* Begin PBXNativeTarget section */
		82F0E5BE1751EFF7008BEE09 /* UTDemo03_practice */ = {
			isa = PBXNativeTarget;
			buildConfigurationList = 82F0E5E21751EFF7008BEE09 /* Build configuration list for PBXNativeTarget "UTDemo03_practice" */;
			buildPhases = (
				82F0E5BB1751EFF7008BEE09 /* Sources */,
				82F0E5BC1751EFF7008BEE09 /* Frameworks */,
				82F0E5BD1751EFF7008BEE09 /* Resources */,
			);
			buildRules = (
			);
			dependencies = (
			);
			name = UTDemo03_practice;
			productName = UTDemo03_practice;
			productReference = 82F0E5BF1751EFF7008BEE09 /* UTDemo03_practice.app */;
			productType = "com.apple.product-type.application";
		};
/* End PBXNativeTarget section */

/* Begin PBXProject section */
		82F0E5B71751EFF7008BEE09 /* Project object */ = {
			isa = PBXProject;
			attributes = {
				CLASSPREFIX = UT;
				LastUpgradeCheck = 0460;
				ORGANIZATIONNAME = "Hivan Du";
			};
			buildConfigurationList = 82F0E5BA1751EFF7008BEE09 /* Build configuration list for PBXProject "UTDemo03_practice" */;
			compatibilityVersion = "Xcode 3.2";
			developmentRegion = English;
			hasScannedForEncodings = 0;
			knownRegions = (
				en,
			);
			mainGroup = 82F0E5B61751EFF7008BEE09;
			productRefGroup = 82F0E5C01751EFF7008BEE09 /* Products */;
			projectDirPath = "";
			projectRoot = "";
			targets = (
				82F0E5BE1751EFF7008BEE09 /* UTDemo03_practice */,
			);
		};
/* End PBXProject section */

/* Begin PBXResourcesBuildPhase section */
		82F0E5BD1751EFF7008BEE09 /* Resources */ = {
			isa = PBXResourcesBuildPhase;
			buildActionMask = 2147483647;
			files = (
				82F0E5CD1751EFF7008BEE09 /* InfoPlist.strings in Resources */,
				82F0E5D51751EFF7008BEE09 /* Default.png in Resources */,
				82F0E5D71751EFF7008BEE09 /* Default@2x.png in Resources */,
				82F0E5D91751EFF7008BEE09 /* Default-568h@2x.png in Resources */,
				82F0E5DF1751EFF7008BEE09 /* UTViewController.xib in Resources */,
			);
			runOnlyForDeploymentPostprocessing = 0;
		};
/* End PBXResourcesBuildPhase section */

/* Begin PBXSourcesBuildPhase section */
		82F0E5BB1751EFF7008BEE09 /* Sources */ = {
			isa = PBXSourcesBuildPhase;
			buildActionMask = 2147483647;
			files = (
				82F0E5CF1751EFF7008BEE09 /* main.m in Sources */,
				82F0E5D31751EFF7008BEE09 /* UTAppDelegate.m in Sources */,
				82F0E5DC1751EFF7008BEE09 /* UTViewController.m in Sources */,
			);
			runOnlyForDeploymentPostprocessing = 0;
		};
/* End PBXSourcesBuildPhase section */

/* Begin PBXVariantGroup section */
		82F0E5CB1751EFF7008BEE09 /* InfoPlist.strings */ = {
			isa = PBXVariantGroup;
			children = (
				82F0E5CC1751EFF7008BEE09 /* en */,
			);
			name = InfoPlist.strings;
			sourceTree = "<group>";
		};
		82F0E5DD1751EFF7008BEE09 /* UTViewController.xib */ = {
			isa = PBXVariantGroup;
			children = (
				82F0E5DE1751EFF7008BEE09 /* en */,
			);
			name = UTViewController.xib;
			sourceTree = "<group>";
		};
/* End PBXVariantGroup section */

/* Begin XCBuildConfiguration section */
		82F0E5E01751EFF7008BEE09 /* Debug */ = {
			isa = XCBuildConfiguration;
			buildSettings = {
				ALWAYS_SEARCH_USER_PATHS = NO;
				CLANG_CXX_LANGUAGE_STANDARD = "gnu++0x";
				CLANG_CXX_LIBRARY = "libc++";
				CLANG_WARN_CONSTANT_CONVERSION = YES;
				CLANG_WARN_EMPTY_BODY = YES;
				CLANG_WARN_ENUM_CONVERSION = YES;
				CLANG_WARN_INT_CONVERSION = YES;
				CLANG_WARN__DUPLICATE_METHOD_MATCH = YES;
				"CODE_SIGN_IDENTITY[sdk=iphoneos*]" = "iPhone Developer";
				COPY_PHASE_STRIP = NO;
				GCC_C_LANGUAGE_STANDARD = gnu99;
				GCC_DYNAMIC_NO_PIC = NO;
				GCC_OPTIMIZATION_LEVEL = 0;
				GCC_PREPROCESSOR_DEFINITIONS = (
					"DEBUG=1",
					"$(inherited)",
				);
				GCC_SYMBOLS_PRIVATE_EXTERN = NO;
				GCC_WARN_ABOUT_RETURN_TYPE = YES;
				GCC_WARN_UNINITIALIZED_AUTOS = YES;
				GCC_WARN_UNUSED_VARIABLE = YES;
				IPHONEOS_DEPLOYMENT_TARGET = 6.1;
				ONLY_ACTIVE_ARCH = YES;
				SDKROOT = iphoneos;
			};
			name = Debug;
		};
		82F0E5E11751EFF7008BEE09 /* Release */ = {
			isa = XCBuildConfiguration;
			buildSettings = {
				ALWAYS_SEARCH_USER_PATHS = NO;
				CLANG_CXX_LANGUAGE_STANDARD = "gnu++0x";
				CLANG_CXX_LIBRARY = "libc++";
				CLANG_WARN_CONSTANT_CONVERSION = YES;
				CLANG_WARN_EMPTY_BODY = YES;
				CLANG_WARN_ENUM_CONVERSION = YES;
				CLANG_WARN_INT_CONVERSION = YES;
				CLANG_WARN__DUPLICATE_METHOD_MATCH = YES;
				"CODE_SIGN_IDENTITY[sdk=iphoneos*]" = "iPhone Developer";
				COPY_PHASE_STRIP = YES;
				GCC_C_LANGUAGE_STANDARD = gnu99;
				GCC_WARN_ABOUT_RETURN_TYPE = YES;
				GCC_WARN_UNINITIALIZED_AUTOS = YES;
				GCC_WARN_UNUSED_VARIABLE = YES;
				IPHONEOS_DEPLOYMENT_TARGET = 6.1;
				OTHER_CFLAGS = "-DNS_BLOCK_ASSERTIONS=1";
				SDKROOT = iphoneos;
				VALIDATE_PRODUCT = YES;
			};
			name = Release;
		};
		82F0E5E31751EFF7008BEE09 /* Debug */ = {
			isa = XCBuildConfiguration;
			buildSettings = {
				GCC_PRECOMPILE_PREFIX_HEADER = YES;
				GCC_PREFIX_HEADER = "UTDemo03_practice/UTDemo03_practice-Prefix.pch";
				INFOPLIST_FILE = "UTDemo03_practice/UTDemo03_practice-Info.plist";
				PRODUCT_NAME = "$(TARGET_NAME)";
				WRAPPER_EXTENSION = app;
			};
			name = Debug;
		};
		82F0E5E41751EFF7008BEE09 /* Release */ = {
			isa = XCBuildConfiguration;
			buildSettings = {
				GCC_PRECOMPILE_PREFIX_HEADER = YES;
				GCC_PREFIX_HEADER = "UTDemo03_practice/UTDemo03_practice-Prefix.pch";
				INFOPLIST_FILE = "UTDemo03_practice/UTDemo03_practice-Info.plist";
				PRODUCT_NAME = "$(TARGET_NAME)";
				WRAPPER_EXTENSION = app;
			};
			name = Release;
		};
/* End XCBuildConfiguration section */

/* Begin XCConfigurationList section */
		82F0E5BA1751EFF7008BEE09 /* Build configuration list for PBXProject "UTDemo03_practice" */ = {
			isa = XCConfigurationList;
			buildConfigurations = (
				82F0E5E01751EFF7008BEE09 /* Debug */,
				82F0E5E11751EFF7008BEE09 /* Release */,
			);
			defaultConfigurationIsVisible = 0;
			defaultConfigurationName = Release;
		};
		82F0E5E21751EFF7008BEE09 /* Build configuration list for PBXNativeTarget "UTDemo03_practice" */ = {
			isa = XCConfigurationList;
			buildConfigurations = (
				82F0E5E31751EFF7008BEE09 /* Debug */,
				82F0E5E41751EFF7008BEE09 /* Release */,
			);
			defaultConfigurationIsVisible = 0;
		};
/* End XCConfigurationList section */
	};
	rootObject = 82F0E5B71751EFF7008BEE09 /* Project object */;
}
