// !$*UTF8*$!
{
	archiveVersion = 1;
	classes = {
	};
	objectVersion = 46;
	objects = {

/* Begin PBXBuildFile section */
		82439FC217548016000820F9 /* UIKit.framework in Frameworks */ = {isa = PBXBuildFile; fileRef = 82439FC117548016000820F9 /* UIKit.framework */; };
		82439FC417548016000820F9 /* Foundation.framework in Frameworks */ = {isa = PBXBuildFile; fileRef = 82439FC317548016000820F9 /* Foundation.framework */; };
		82439FC617548016000820F9 /* CoreGraphics.framework in Frameworks */ = {isa = PBXBuildFile; fileRef = 82439FC517548016000820F9 /* CoreGraphics.framework */; };
		82439FCC17548016000820F9 /* InfoPlist.strings in Resources */ = {isa = PBXBuildFile; fileRef = 82439FCA17548016000820F9 /* InfoPlist.strings */; };
		82439FCE17548016000820F9 /* main.m in Sources */ = {isa = PBXBuildFile; fileRef = 82439FCD17548016000820F9 /* main.m */; };
		82439FD217548016000820F9 /* UTAppDelegate.m in Sources */ = {isa = PBXBuildFile; fileRef = 82439FD117548016000820F9 /* UTAppDelegate.m */; };
		82439FD417548016000820F9 /* Default.png in Resources */ = {isa = PBXBuildFile; fileRef = 82439FD317548016000820F9 /* Default.png */; };
		82439FD617548016000820F9 /* Default@2x.png in Resources */ = {isa = PBXBuildFile; fileRef = 82439FD517548016000820F9 /* Default@2x.png */; };
		82439FD817548016000820F9 /* Default-568h@2x.png in Resources */ = {isa = PBXBuildFile; fileRef = 82439FD717548016000820F9 /* Default-568h@2x.png */; };
		82439FDB17548016000820F9 /* UTViewController.m in Sources */ = {isa = PBXBuildFile; fileRef = 82439FDA17548016000820F9 /* UTViewController.m */; };
		82439FDE17548016000820F9 /* UTViewController.xib in Resources */ = {isa = PBXBuildFile; fileRef = 82439FDC17548016000820F9 /* UTViewController.xib */; };
/* End PBXBuildFile section */

/* Begin PBXFileReference section */
		82439FBE17548016000820F9 /* UTDemo03_PraciticeTest.app */ = {isa = PBXFileReference; explicitFileType = wrapper.application; includeInIndex = 0; path = UTDemo03_PraciticeTest.app; sourceTree = BUILT_PRODUCTS_DIR; };
		82439FC117548016000820F9 /* UIKit.framework */ = {isa = PBXFileReference; lastKnownFileType = wrapper.framework; name = UIKit.framework; path = System/Library/Frameworks/UIKit.framework; sourceTree = SDKROOT; };
		82439FC317548016000820F9 /* Foundation.framework */ = {isa = PBXFileReference; lastKnownFileType = wrapper.framework; name = Foundation.framework; path = System/Library/Frameworks/Foundation.framework; sourceTree = SDKROOT; };
		82439FC517548016000820F9 /* CoreGraphics.framework */ = {isa = PBXFileReference; lastKnownFileType = wrapper.framework; name = CoreGraphics.framework; path = System/Library/Frameworks/CoreGraphics.framework; sourceTree = SDKROOT; };
		82439FC917548016000820F9 /* UTDemo03_PraciticeTest-Info.plist */ = {isa = PBXFileReference; lastKnownFileType = text.plist.xml; path = "UTDemo03_PraciticeTest-Info.plist"; sourceTree = "<group>"; };
		82439FCB17548016000820F9 /* en */ = {isa = PBXFileReference; lastKnownFileType = text.plist.strings; name = en; path = en.lproj/InfoPlist.strings; sourceTree = "<group>"; };
		82439FCD17548016000820F9 /* main.m */ = {isa = PBXFileReference; lastKnownFileType = sourcecode.c.objc; path = main.m; sourceTree = "<group>"; };
		82439FCF17548016000820F9 /* UTDemo03_PraciticeTest-Prefix.pch */ = {isa = PBXFileReference; lastKnownFileType = sourcecode.c.h; path = "UTDemo03_PraciticeTest-Prefix.pch"; sourceTree = "<group>"; };
		82439FD017548016000820F9 /* UTAppDelegate.h */ = {isa = PBXFileReference; lastKnownFileType = sourcecode.c.h; path = UTAppDelegate.h; sourceTree = "<group>"; };
		82439FD117548016000820F9 /* UTAppDelegate.m */ = {isa = PBXFileReference; lastKnownFileType = sourcecode.c.objc; path = UTAppDelegate.m; sourceTree = "<group>"; };
		82439FD317548016000820F9 /* Default.png */ = {isa = PBXFileReference; lastKnownFileType = image.png; path = Default.png; sourceTree = "<group>"; };
		82439FD517548016000820F9 /* Default@2x.png */ = {isa = PBXFileReference; lastKnownFileType = image.png; path = "Default@2x.png"; sourceTree = "<group>"; };
		82439FD717548016000820F9 /* Default-568h@2x.png */ = {isa = PBXFileReference; lastKnownFileType = image.png; path = "Default-568h@2x.png"; sourceTree = "<group>"; };
		82439FD917548016000820F9 /* UTViewController.h */ = {isa = PBXFileReference; lastKnownFileType = sourcecode.c.h; path = UTViewController.h; sourceTree = "<group>"; };
		82439FDA17548016000820F9 /* UTViewController.m */ = {isa = PBXFileReference; lastKnownFileType = sourcecode.c.objc; path = UTViewController.m; sourceTree = "<group>"; };
		82439FDD17548016000820F9 /* en */ = {isa = PBXFileReference; lastKnownFileType = file.xib; name = en; path = en.lproj/UTViewController.xib; sourceTree = "<group>"; };
/* End PBXFileReference section */

/* Begin PBXFrameworksBuildPhase section */
		82439FBB17548016000820F9 /* Frameworks */ = {
			isa = PBXFrameworksBuildPhase;
			buildActionMask = 2147483647;
			files = (
				82439FC217548016000820F9 /* UIKit.framework in Frameworks */,
				82439FC417548016000820F9 /* Foundation.framework in Frameworks */,
				82439FC617548016000820F9 /* CoreGraphics.framework in Frameworks */,
			);
			runOnlyForDeploymentPostprocessing = 0;
		};
/* End PBXFrameworksBuildPhase section */

/* Begin PBXGroup section */
		82439FB517548016000820F9 = {
			isa = PBXGroup;
			children = (
				82439FC717548016000820F9 /* UTDemo03_PraciticeTest */,
				82439FC017548016000820F9 /* Frameworks */,
				82439FBF17548016000820F9 /* Products */,
			);
			sourceTree = "<group>";
		};
		82439FBF17548016000820F9 /* Products */ = {
			isa = PBXGroup;
			children = (
				82439FBE17548016000820F9 /* UTDemo03_PraciticeTest.app */,
			);
			name = Products;
			sourceTree = "<group>";
		};
		82439FC017548016000820F9 /* Frameworks */ = {
			isa = PBXGroup;
			children = (
				82439FC117548016000820F9 /* UIKit.framework */,
				82439FC317548016000820F9 /* Foundation.framework */,
				82439FC517548016000820F9 /* CoreGraphics.framework */,
			);
			name = Frameworks;
			sourceTree = "<group>";
		};
		82439FC717548016000820F9 /* UTDemo03_PraciticeTest */ = {
			isa = PBXGroup;
			children = (
				82439FD017548016000820F9 /* UTAppDelegate.h */,
				82439FD117548016000820F9 /* UTAppDelegate.m */,
				82439FD917548016000820F9 /* UTViewController.h */,
				82439FDA17548016000820F9 /* UTViewController.m */,
				82439FDC17548016000820F9 /* UTViewController.xib */,
				82439FC817548016000820F9 /* Supporting Files */,
			);
			path = UTDemo03_PraciticeTest;
			sourceTree = "<group>";
		};
		82439FC817548016000820F9 /* Supporting Files */ = {
			isa = PBXGroup;
			children = (
				82439FC917548016000820F9 /* UTDemo03_PraciticeTest-Info.plist */,
				82439FCA17548016000820F9 /* InfoPlist.strings */,
				82439FCD17548016000820F9 /* main.m */,
				82439FCF17548016000820F9 /* UTDemo03_PraciticeTest-Prefix.pch */,
				82439FD317548016000820F9 /* Default.png */,
				82439FD517548016000820F9 /* Default@2x.png */,
				82439FD717548016000820F9 /* Default-568h@2x.png */,
			);
			name = "Supporting Files";
			sourceTree = "<group>";
		};
/* End PBXGroup section */

/* Begin PBXNativeTarget section */
		82439FBD17548016000820F9 /* UTDemo03_PraciticeTest */ = {
			isa = PBXNativeTarget;
			buildConfigurationList = 82439FE117548016000820F9 /* Build configuration list for PBXNativeTarget "UTDemo03_PraciticeTest" */;
			buildPhases = (
				82439FBA17548016000820F9 /* Sources */,
				82439FBB17548016000820F9 /* Frameworks */,
				82439FBC17548016000820F9 /* Resources */,
			);
			buildRules = (
			);
			dependencies = (
			);
			name = UTDemo03_PraciticeTest;
			productName = UTDemo03_PraciticeTest;
			productReference = 82439FBE17548016000820F9 /* UTDemo03_PraciticeTest.app */;
			productType = "com.apple.product-type.application";
		};
/* End PBXNativeTarget section */

/* Begin PBXProject section */
		82439FB617548016000820F9 /* Project object */ = {
			isa = PBXProject;
			attributes = {
				CLASSPREFIX = UT;
				LastUpgradeCheck = 0460;
				ORGANIZATIONNAME = "Hivan Du";
			};
			buildConfigurationList = 82439FB917548016000820F9 /* Build configuration list for PBXProject "UTDemo03_PraciticeTest" */;
			compatibilityVersion = "Xcode 3.2";
			developmentRegion = English;
			hasScannedForEncodings = 0;
			knownRegions = (
				en,
			);
			mainGroup = 82439FB517548016000820F9;
			productRefGroup = 82439FBF17548016000820F9 /* Products */;
			projectDirPath = "";
			projectRoot = "";
			targets = (
				82439FBD17548016000820F9 /* UTDemo03_PraciticeTest */,
			);
		};
/* End PBXProject section */

/* Begin PBXResourcesBuildPhase section */
		82439FBC17548016000820F9 /* Resources */ = {
			isa = PBXResourcesBuildPhase;
			buildActionMask = 2147483647;
			files = (
				82439FCC17548016000820F9 /* InfoPlist.strings in Resources */,
				82439FD417548016000820F9 /* Default.png in Resources */,
				82439FD617548016000820F9 /* Default@2x.png in Resources */,
				82439FD817548016000820F9 /* Default-568h@2x.png in Resources */,
				82439FDE17548016000820F9 /* UTViewController.xib in Resources */,
			);
			runOnlyForDeploymentPostprocessing = 0;
		};
/* End PBXResourcesBuildPhase section */

/* Begin PBXSourcesBuildPhase section */
		82439FBA17548016000820F9 /* Sources */ = {
			isa = PBXSourcesBuildPhase;
			buildActionMask = 2147483647;
			files = (
				82439FCE17548016000820F9 /* main.m in Sources */,
				82439FD217548016000820F9 /* UTAppDelegate.m in Sources */,
				82439FDB17548016000820F9 /* UTViewController.m in Sources */,
			);
			runOnlyForDeploymentPostprocessing = 0;
		};
/* End PBXSourcesBuildPhase section */

/* Begin PBXVariantGroup section */
		82439FCA17548016000820F9 /* InfoPlist.strings */ = {
			isa = PBXVariantGroup;
			children = (
				82439FCB17548016000820F9 /* en */,
			);
			name = InfoPlist.strings;
			sourceTree = "<group>";
		};
		82439FDC17548016000820F9 /* UTViewController.xib */ = {
			isa = PBXVariantGroup;
			children = (
				82439FDD17548016000820F9 /* en */,
			);
			name = UTViewController.xib;
			sourceTree = "<group>";
		};
/* End PBXVariantGroup section */

/* Begin XCBuildConfiguration section */
		82439FDF17548016000820F9 /* Debug */ = {
			isa = XCBuildConfiguration;
			buildSettings = {
				ALWAYS_SEARCH_USER_PATHS = NO;
				CLANG_CXX_LANGUAGE_STANDARD = "gnu++0x";
				CLANG_CXX_LIBRARY = "libc++";
				CLANG_WARN_CONSTANT_CONVERSION = YES;
				CLANG_WARN_EMPTY_BODY = YES;
				CLANG_WARN_ENUM_CONVERSION = YES;
				CLANG_WARN_INT_CONVERSION = YES;
				CLANG_WARN__DUPLICATE_METHOD_MATCH = YES;
				"CODE_SIGN_IDENTITY[sdk=iphoneos*]" = "iPhone Developer";
				COPY_PHASE_STRIP = NO;
				GCC_C_LANGUAGE_STANDARD = gnu99;
				GCC_DYNAMIC_NO_PIC = NO;
				GCC_OPTIMIZATION_LEVEL = 0;
				GCC_PREPROCESSOR_DEFINITIONS = (
					"DEBUG=1",
					"$(inherited)",
				);
				GCC_SYMBOLS_PRIVATE_EXTERN = NO;
				GCC_WARN_ABOUT_RETURN_TYPE = YES;
				GCC_WARN_UNINITIALIZED_AUTOS = YES;
				GCC_WARN_UNUSED_VARIABLE = YES;
				IPHONEOS_DEPLOYMENT_TARGET = 6.1;
				ONLY_ACTIVE_ARCH = YES;
				SDKROOT = iphoneos;
			};
			name = Debug;
		};
		82439FE017548016000820F9 /* Release */ = {
			isa = XCBuildConfiguration;
			buildSettings = {
				ALWAYS_SEARCH_USER_PATHS = NO;
				CLANG_CXX_LANGUAGE_STANDARD = "gnu++0x";
				CLANG_CXX_LIBRARY = "libc++";
				CLANG_WARN_CONSTANT_CONVERSION = YES;
				CLANG_WARN_EMPTY_BODY = YES;
				CLANG_WARN_ENUM_CONVERSION = YES;
				CLANG_WARN_INT_CONVERSION = YES;
				CLANG_WARN__DUPLICATE_METHOD_MATCH = YES;
				"CODE_SIGN_IDENTITY[sdk=iphoneos*]" = "iPhone Developer";
				COPY_PHASE_STRIP = YES;
				GCC_C_LANGUAGE_STANDARD = gnu99;
				GCC_WARN_ABOUT_RETURN_TYPE = YES;
				GCC_WARN_UNINITIALIZED_AUTOS = YES;
				GCC_WARN_UNUSED_VARIABLE = YES;
				IPHONEOS_DEPLOYMENT_TARGET = 6.1;
				OTHER_CFLAGS = "-DNS_BLOCK_ASSERTIONS=1";
				SDKROOT = iphoneos;
				VALIDATE_PRODUCT = YES;
			};
			name = Release;
		};
		82439FE217548016000820F9 /* Debug */ = {
			isa = XCBuildConfiguration;
			buildSettings = {
				GCC_PRECOMPILE_PREFIX_HEADER = YES;
				GCC_PREFIX_HEADER = "UTDemo03_PraciticeTest/UTDemo03_PraciticeTest-Prefix.pch";
				INFOPLIST_FILE = "UTDemo03_PraciticeTest/UTDemo03_PraciticeTest-Info.plist";
				PRODUCT_NAME = "$(TARGET_NAME)";
				WRAPPER_EXTENSION = app;
			};
			name = Debug;
		};
		82439FE317548016000820F9 /* Release */ = {
			isa = XCBuildConfiguration;
			buildSettings = {
				GCC_PRECOMPILE_PREFIX_HEADER = YES;
				GCC_PREFIX_HEADER = "UTDemo03_PraciticeTest/UTDemo03_PraciticeTest-Prefix.pch";
				INFOPLIST_FILE = "UTDemo03_PraciticeTest/UTDemo03_PraciticeTest-Info.plist";
				PRODUCT_NAME = "$(TARGET_NAME)";
				WRAPPER_EXTENSION = app;
			};
			name = Release;
		};
/* End XCBuildConfiguration section */

/* Begin XCConfigurationList section */
		82439FB917548016000820F9 /* Build configuration list for PBXProject "UTDemo03_PraciticeTest" */ = {
			isa = XCConfigurationList;
			buildConfigurations = (
				82439FDF17548016000820F9 /* Debug */,
				82439FE017548016000820F9 /* Release */,
			);
			defaultConfigurationIsVisible = 0;
			defaultConfigurationName = Release;
		};
		82439FE117548016000820F9 /* Build configuration list for PBXNativeTarget "UTDemo03_PraciticeTest" */ = {
			isa = XCConfigurationList;
			buildConfigurations = (
				82439FE217548016000820F9 /* Debug */,
				82439FE317548016000820F9 /* Release */,
			);
			defaultConfigurationIsVisible = 0;
		};
/* End XCConfigurationList section */
	};
	rootObject = 82439FB617548016000820F9 /* Project object */;
}
