// !$*UTF8*$!
{
	archiveVersion = 1;
	classes = {
	};
	objectVersion = 46;
	objects = {

/* Begin PBXBuildFile section */
		822C1F9C1752F68B007B7A99 /* UIKit.framework in Frameworks */ = {isa = PBXBuildFile; fileRef = 822C1F9B1752F68B007B7A99 /* UIKit.framework */; };
		822C1F9E1752F68B007B7A99 /* Foundation.framework in Frameworks */ = {isa = PBXBuildFile; fileRef = 822C1F9D1752F68B007B7A99 /* Foundation.framework */; };
		822C1FA01752F68B007B7A99 /* CoreGraphics.framework in Frameworks */ = {isa = PBXBuildFile; fileRef = 822C1F9F1752F68B007B7A99 /* CoreGraphics.framework */; };
		822C1FA61752F68B007B7A99 /* InfoPlist.strings in Resources */ = {isa = PBXBuildFile; fileRef = 822C1FA41752F68B007B7A99 /* InfoPlist.strings */; };
		822C1FA81752F68B007B7A99 /* main.m in Sources */ = {isa = PBXBuildFile; fileRef = 822C1FA71752F68B007B7A99 /* main.m */; };
		822C1FAC1752F68B007B7A99 /* UTAppDelegate.m in Sources */ = {isa = PBXBuildFile; fileRef = 822C1FAB1752F68B007B7A99 /* UTAppDelegate.m */; };
		822C1FAE1752F68B007B7A99 /* Default.png in Resources */ = {isa = PBXBuildFile; fileRef = 822C1FAD1752F68B007B7A99 /* Default.png */; };
		822C1FB01752F68B007B7A99 /* Default@2x.png in Resources */ = {isa = PBXBuildFile; fileRef = 822C1FAF1752F68B007B7A99 /* Default@2x.png */; };
		822C1FB21752F68B007B7A99 /* Default-568h@2x.png in Resources */ = {isa = PBXBuildFile; fileRef = 822C1FB11752F68B007B7A99 /* Default-568h@2x.png */; };
/* End PBXBuildFile section */

/* Begin PBXFileReference section */
		822C1F981752F68B007B7A99 /* UTDemo04_pracitice.app */ = {isa = PBXFileReference; explicitFileType = wrapper.application; includeInIndex = 0; path = UTDemo04_pracitice.app; sourceTree = BUILT_PRODUCTS_DIR; };
		822C1F9B1752F68B007B7A99 /* UIKit.framework */ = {isa = PBXFileReference; lastKnownFileType = wrapper.framework; name = UIKit.framework; path = System/Library/Frameworks/UIKit.framework; sourceTree = SDKROOT; };
		822C1F9D1752F68B007B7A99 /* Foundation.framework */ = {isa = PBXFileReference; lastKnownFileType = wrapper.framework; name = Foundation.framework; path = System/Library/Frameworks/Foundation.framework; sourceTree = SDKROOT; };
		822C1F9F1752F68B007B7A99 /* CoreGraphics.framework */ = {isa = PBXFileReference; lastKnownFileType = wrapper.framework; name = CoreGraphics.framework; path = System/Library/Frameworks/CoreGraphics.framework; sourceTree = SDKROOT; };
		822C1FA31752F68B007B7A99 /* UTDemo04_pracitice-Info.plist */ = {isa = PBXFileReference; lastKnownFileType = text.plist.xml; path = "UTDemo04_pracitice-Info.plist"; sourceTree = "<group>"; };
		822C1FA51752F68B007B7A99 /* en */ = {isa = PBXFileReference; lastKnownFileType = text.plist.strings; name = en; path = en.lproj/InfoPlist.strings; sourceTree = "<group>"; };
		822C1FA71752F68B007B7A99 /* main.m */ = {isa = PBXFileReference; lastKnownFileType = sourcecode.c.objc; path = main.m; sourceTree = "<group>"; };
		822C1FA91752F68B007B7A99 /* UTDemo04_pracitice-Prefix.pch */ = {isa = PBXFileReference; lastKnownFileType = sourcecode.c.h; path = "UTDemo04_pracitice-Prefix.pch"; sourceTree = "<group>"; };
		822C1FAA1752F68B007B7A99 /* UTAppDelegate.h */ = {isa = PBXFileReference; lastKnownFileType = sourcecode.c.h; path = UTAppDelegate.h; sourceTree = "<group>"; };
		822C1FAB1752F68B007B7A99 /* UTAppDelegate.m */ = {isa = PBXFileReference; lastKnownFileType = sourcecode.c.objc; path = UTAppDelegate.m; sourceTree = "<group>"; };
		822C1FAD1752F68B007B7A99 /* Default.png */ = {isa = PBXFileReference; lastKnownFileType = image.png; path = Default.png; sourceTree = "<group>"; };
		822C1FAF1752F68B007B7A99 /* Default@2x.png */ = {isa = PBXFileReference; lastKnownFileType = image.png; path = "Default@2x.png"; sourceTree = "<group>"; };
		822C1FB11752F68B007B7A99 /* Default-568h@2x.png */ = {isa = PBXFileReference; lastKnownFileType = image.png; path = "Default-568h@2x.png"; sourceTree = "<group>"; };
/* End PBXFileReference section */

/* Begin PBXFrameworksBuildPhase section */
		822C1F951752F68B007B7A99 /* Frameworks */ = {
			isa = PBXFrameworksBuildPhase;
			buildActionMask = 2147483647;
			files = (
				822C1F9C1752F68B007B7A99 /* UIKit.framework in Frameworks */,
				822C1F9E1752F68B007B7A99 /* Foundation.framework in Frameworks */,
				822C1FA01752F68B007B7A99 /* CoreGraphics.framework in Frameworks */,
			);
			runOnlyForDeploymentPostprocessing = 0;
		};
/* End PBXFrameworksBuildPhase section */

/* Begin PBXGroup section */
		822C1F8F1752F68B007B7A99 = {
			isa = PBXGroup;
			children = (
				822C1FA11752F68B007B7A99 /* UTDemo04_pracitice */,
				822C1F9A1752F68B007B7A99 /* Frameworks */,
				822C1F991752F68B007B7A99 /* Products */,
			);
			sourceTree = "<group>";
		};
		822C1F991752F68B007B7A99 /* Products */ = {
			isa = PBXGroup;
			children = (
				822C1F981752F68B007B7A99 /* UTDemo04_pracitice.app */,
			);
			name = Products;
			sourceTree = "<group>";
		};
		822C1F9A1752F68B007B7A99 /* Frameworks */ = {
			isa = PBXGroup;
			children = (
				822C1F9B1752F68B007B7A99 /* UIKit.framework */,
				822C1F9D1752F68B007B7A99 /* Foundation.framework */,
				822C1F9F1752F68B007B7A99 /* CoreGraphics.framework */,
			);
			name = Frameworks;
			sourceTree = "<group>";
		};
		822C1FA11752F68B007B7A99 /* UTDemo04_pracitice */ = {
			isa = PBXGroup;
			children = (
				822C1FAA1752F68B007B7A99 /* UTAppDelegate.h */,
				822C1FAB1752F68B007B7A99 /* UTAppDelegate.m */,
				822C1FA21752F68B007B7A99 /* Supporting Files */,
			);
			path = UTDemo04_pracitice;
			sourceTree = "<group>";
		};
		822C1FA21752F68B007B7A99 /* Supporting Files */ = {
			isa = PBXGroup;
			children = (
				822C1FA31752F68B007B7A99 /* UTDemo04_pracitice-Info.plist */,
				822C1FA41752F68B007B7A99 /* InfoPlist.strings */,
				822C1FA71752F68B007B7A99 /* main.m */,
				822C1FA91752F68B007B7A99 /* UTDemo04_pracitice-Prefix.pch */,
				822C1FAD1752F68B007B7A99 /* Default.png */,
				822C1FAF1752F68B007B7A99 /* Default@2x.png */,
				822C1FB11752F68B007B7A99 /* Default-568h@2x.png */,
			);
			name = "Supporting Files";
			sourceTree = "<group>";
		};
/* End PBXGroup section */

/* Begin PBXNativeTarget section */
		822C1F971752F68B007B7A99 /* UTDemo04_pracitice */ = {
			isa = PBXNativeTarget;
			buildConfigurationList = 822C1FB51752F68B007B7A99 /* Build configuration list for PBXNativeTarget "UTDemo04_pracitice" */;
			buildPhases = (
				822C1F941752F68B007B7A99 /* Sources */,
				822C1F951752F68B007B7A99 /* Frameworks */,
				822C1F961752F68B007B7A99 /* Resources */,
			);
			buildRules = (
			);
			dependencies = (
			);
			name = UTDemo04_pracitice;
			productName = UTDemo04_pracitice;
			productReference = 822C1F981752F68B007B7A99 /* UTDemo04_pracitice.app */;
			productType = "com.apple.product-type.application";
		};
/* End PBXNativeTarget section */

/* Begin PBXProject section */
		822C1F901752F68B007B7A99 /* Project object */ = {
			isa = PBXProject;
			attributes = {
				CLASSPREFIX = UT;
				LastUpgradeCheck = 0460;
				ORGANIZATIONNAME = "Hivan Du";
			};
			buildConfigurationList = 822C1F931752F68B007B7A99 /* Build configuration list for PBXProject "UTDemo04_pracitice" */;
			compatibilityVersion = "Xcode 3.2";
			developmentRegion = English;
			hasScannedForEncodings = 0;
			knownRegions = (
				en,
			);
			mainGroup = 822C1F8F1752F68B007B7A99;
			productRefGroup = 822C1F991752F68B007B7A99 /* Products */;
			projectDirPath = "";
			projectRoot = "";
			targets = (
				822C1F971752F68B007B7A99 /* UTDemo04_pracitice */,
			);
		};
/* End PBXProject section */

/* Begin PBXResourcesBuildPhase section */
		822C1F961752F68B007B7A99 /* Resources */ = {
			isa = PBXResourcesBuildPhase;
			buildActionMask = 2147483647;
			files = (
				822C1FA61752F68B007B7A99 /* InfoPlist.strings in Resources */,
				822C1FAE1752F68B007B7A99 /* Default.png in Resources */,
				822C1FB01752F68B007B7A99 /* Default@2x.png in Resources */,
				822C1FB21752F68B007B7A99 /* Default-568h@2x.png in Resources */,
			);
			runOnlyForDeploymentPostprocessing = 0;
		};
/* End PBXResourcesBuildPhase section */

/* Begin PBXSourcesBuildPhase section */
		822C1F941752F68B007B7A99 /* Sources */ = {
			isa = PBXSourcesBuildPhase;
			buildActionMask = 2147483647;
			files = (
				822C1FA81752F68B007B7A99 /* main.m in Sources */,
				822C1FAC1752F68B007B7A99 /* UTAppDelegate.m in Sources */,
			);
			runOnlyForDeploymentPostprocessing = 0;
		};
/* End PBXSourcesBuildPhase section */

/* Begin PBXVariantGroup section */
		822C1FA41752F68B007B7A99 /* InfoPlist.strings */ = {
			isa = PBXVariantGroup;
			children = (
				822C1FA51752F68B007B7A99 /* en */,
			);
			name = InfoPlist.strings;
			sourceTree = "<group>";
		};
/* End PBXVariantGroup section */

/* Begin XCBuildConfiguration section */
		822C1FB31752F68B007B7A99 /* Debug */ = {
			isa = XCBuildConfiguration;
			buildSettings = {
				ALWAYS_SEARCH_USER_PATHS = NO;
				CLANG_CXX_LANGUAGE_STANDARD = "gnu++0x";
				CLANG_CXX_LIBRARY = "libc++";
				CLANG_WARN_CONSTANT_CONVERSION = YES;
				CLANG_WARN_EMPTY_BODY = YES;
				CLANG_WARN_ENUM_CONVERSION = YES;
				CLANG_WARN_INT_CONVERSION = YES;
				CLANG_WARN__DUPLICATE_METHOD_MATCH = YES;
				"CODE_SIGN_IDENTITY[sdk=iphoneos*]" = "iPhone Developer";
				COPY_PHASE_STRIP = NO;
				GCC_C_LANGUAGE_STANDARD = gnu99;
				GCC_DYNAMIC_NO_PIC = NO;
				GCC_OPTIMIZATION_LEVEL = 0;
				GCC_PREPROCESSOR_DEFINITIONS = (
					"DEBUG=1",
					"$(inherited)",
				);
				GCC_SYMBOLS_PRIVATE_EXTERN = NO;
				GCC_WARN_ABOUT_RETURN_TYPE = YES;
				GCC_WARN_UNINITIALIZED_AUTOS = YES;
				GCC_WARN_UNUSED_VARIABLE = YES;
				IPHONEOS_DEPLOYMENT_TARGET = 6.1;
				ONLY_ACTIVE_ARCH = YES;
				SDKROOT = iphoneos;
			};
			name = Debug;
		};
		822C1FB41752F68B007B7A99 /* Release */ = {
			isa = XCBuildConfiguration;
			buildSettings = {
				ALWAYS_SEARCH_USER_PATHS = NO;
				CLANG_CXX_LANGUAGE_STANDARD = "gnu++0x";
				CLANG_CXX_LIBRARY = "libc++";
				CLANG_WARN_CONSTANT_CONVERSION = YES;
				CLANG_WARN_EMPTY_BODY = YES;
				CLANG_WARN_ENUM_CONVERSION = YES;
				CLANG_WARN_INT_CONVERSION = YES;
				CLANG_WARN__DUPLICATE_METHOD_MATCH = YES;
				"CODE_SIGN_IDENTITY[sdk=iphoneos*]" = "iPhone Developer";
				COPY_PHASE_STRIP = YES;
				GCC_C_LANGUAGE_STANDARD = gnu99;
				GCC_WARN_ABOUT_RETURN_TYPE = YES;
				GCC_WARN_UNINITIALIZED_AUTOS = YES;
				GCC_WARN_UNUSED_VARIABLE = YES;
				IPHONEOS_DEPLOYMENT_TARGET = 6.1;
				OTHER_CFLAGS = "-DNS_BLOCK_ASSERTIONS=1";
				SDKROOT = iphoneos;
				VALIDATE_PRODUCT = YES;
			};
			name = Release;
		};
		822C1FB61752F68B007B7A99 /* Debug */ = {
			isa = XCBuildConfiguration;
			buildSettings = {
				GCC_PRECOMPILE_PREFIX_HEADER = YES;
				GCC_PREFIX_HEADER = "UTDemo04_pracitice/UTDemo04_pracitice-Prefix.pch";
				INFOPLIST_FILE = "UTDemo04_pracitice/UTDemo04_pracitice-Info.plist";
				PRODUCT_NAME = "$(TARGET_NAME)";
				WRAPPER_EXTENSION = app;
			};
			name = Debug;
		};
		822C1FB71752F68B007B7A99 /* Release */ = {
			isa = XCBuildConfiguration;
			buildSettings = {
				GCC_PRECOMPILE_PREFIX_HEADER = YES;
				GCC_PREFIX_HEADER = "UTDemo04_pracitice/UTDemo04_pracitice-Prefix.pch";
				INFOPLIST_FILE = "UTDemo04_pracitice/UTDemo04_pracitice-Info.plist";
				PRODUCT_NAME = "$(TARGET_NAME)";
				WRAPPER_EXTENSION = app;
			};
			name = Release;
		};
/* End XCBuildConfiguration section */

/* Begin XCConfigurationList section */
		822C1F931752F68B007B7A99 /* Build configuration list for PBXProject "UTDemo04_pracitice" */ = {
			isa = XCConfigurationList;
			buildConfigurations = (
				822C1FB31752F68B007B7A99 /* Debug */,
				822C1FB41752F68B007B7A99 /* Release */,
			);
			defaultConfigurationIsVisible = 0;
			defaultConfigurationName = Release;
		};
		822C1FB51752F68B007B7A99 /* Build configuration list for PBXNativeTarget "UTDemo04_pracitice" */ = {
			isa = XCConfigurationList;
			buildConfigurations = (
				822C1FB61752F68B007B7A99 /* Debug */,
				822C1FB71752F68B007B7A99 /* Release */,
			);
			defaultConfigurationIsVisible = 0;
		};
/* End XCConfigurationList section */
	};
	rootObject = 822C1F901752F68B007B7A99 /* Project object */;
}
